
Microsoft Visual Studio Solution File, Format Version 12.00
# Visual Studio Version 17
VisualStudioVersion = 17.7.34031.279
MinimumVisualStudioVersion = 10.0.40219.1
Project("{FAE04EC0-301F-11D3-BF4B-00C04F79EFBC}") = "BankApp", "BankApp\BankApp.csproj", "{952C0604-DE4E-40B6-9442-F8643ED513B2}"
EndProject
Project("{FAE04EC0-301F-11D3-BF4B-00C04F79EFBC}") = "BankApp.Tests", "BankApp.Tests\BankApp.Tests.csproj", "{EB47D66D-AC84-45EF-8647-1DD3F1A919F9}"
EndProject
Global
	GlobalSection(SolutionConfigurationPlatforms) = preSolution
		Debug|Any CPU = Debug|Any CPU
		Release|Any CPU = Release|Any CPU
	EndGlobalSection
	GlobalSection(ProjectConfigurationPlatforms) = postSolution
		{952C0604-DE4E-40B6-9442-F8643ED513B2}.Debug|Any CPU.ActiveCfg = Debug|Any CPU
		{952C0604-DE4E-40B6-9442-F8643ED513B2}.Debug|Any CPU.Build.0 = Debug|Any CPU
		{952C0604-DE4E-40B6-9442-F8643ED513B2}.Release|Any CPU.ActiveCfg = Release|Any CPU
		{952C0604-DE4E-40B6-9442-F8643ED513B2}.Release|Any CPU.Build.0 = Release|Any CPU
		{EB47D66D-AC84-45EF-8647-1DD3F1A919F9}.Debug|Any CPU.ActiveCfg = Debug|Any CPU
		{EB47D66D-AC84-45EF-8647-1DD3F1A919F9}.Debug|Any CPU.Build.0 = Debug|Any CPU
		{EB47D66D-AC84-45EF-8647-1DD3F1A919F9}.Release|Any CPU.ActiveCfg = Release|Any CPU
		{EB47D66D-AC84-45EF-8647-1DD3F1A919F9}.Release|Any CPU.Build.0 = Release|Any CPU
	EndGlobalSection
	GlobalSection(SolutionProperties) = preSolution
		HideSolutionNode = FALSE
	EndGlobalSection
	GlobalSection(ExtensibilityGlobals) = postSolution
		SolutionGuid = {CFB5B307-8397-4BD9-916E-E133E99E4850}
	EndGlobalSection
EndGlobal
